
Microsoft Visual Studio Solution File, Format Version 12.00
# Visual Studio Version 17
VisualStudioVersion = 17.13.35919.96 d17.13
MinimumVisualStudioVersion = 10.0.40219.1
Project("{FAE04EC0-301F-11D3-BF4B-00C04F79EFBC}") = "SimpleCal", "SimpleCal\SimpleCal.csproj", "{98DB4ED5-648C-425B-B624-2E528245782F}"
EndProject
Project("{FAE04EC0-301F-11D3-BF4B-00C04F79EFBC}") = "SimpleCalTests", "SimpleCalTests\SimpleCalTests.csproj", "{50E94B07-C332-467A-84F2-B7FCF73127AE}"
EndProject
Global
	GlobalSection(SolutionConfigurationPlatforms) = preSolution
		Debug|Any CPU = Debug|Any CPU
		Release|Any CPU = Release|Any CPU
	EndGlobalSection
	GlobalSection(ProjectConfigurationPlatforms) = postSolution
		{98DB4ED5-648C-425B-B624-2E528245782F}.Debug|Any CPU.ActiveCfg = Debug|Any CPU
		{98DB4ED5-648C-425B-B624-2E528245782F}.Debug|Any CPU.Build.0 = Debug|Any CPU
		{98DB4ED5-648C-425B-B624-2E528245782F}.Release|Any CPU.ActiveCfg = Release|Any CPU
		{98DB4ED5-648C-425B-B624-2E528245782F}.Release|Any CPU.Build.0 = Release|Any CPU
		{50E94B07-C332-467A-84F2-B7FCF73127AE}.Debug|Any CPU.ActiveCfg = Debug|Any CPU
		{50E94B07-C332-467A-84F2-B7FCF73127AE}.Debug|Any CPU.Build.0 = Debug|Any CPU
		{50E94B07-C332-467A-84F2-B7FCF73127AE}.Release|Any CPU.ActiveCfg = Release|Any CPU
		{50E94B07-C332-467A-84F2-B7FCF73127AE}.Release|Any CPU.Build.0 = Release|Any CPU
	EndGlobalSection
	GlobalSection(SolutionProperties) = preSolution
		HideSolutionNode = FALSE
	EndGlobalSection
	GlobalSection(ExtensibilityGlobals) = postSolution
		SolutionGuid = {36013F1C-33FC-4CA7-AF73-A13576BA9BAE}
	EndGlobalSection
EndGlobal
